
Microsoft Visual Studio Solution File, Format Version 12.00
# Visual Studio 15
VisualStudioVersion = 15.0.26730.16
MinimumVisualStudioVersion = 10.0.40219.1
Project("{2150E333-8FDC-42A3-9474-1A3956D46DE8}") = "Tools", "Tools", "{339480F3-4560-4256-B58D-99A515700813}"
EndProject
Project("{8BC9CEB8-8B4A-11D0-8D11-00A0C91BC942}") = "ShowOutput", "Tools\ShowOutput\ShowOutput.vcxproj", "{EFCC55E3-CCB7-4E6B-856F-6E3A9DED6BC3}"
EndProject
Project("{FAE04EC0-301F-11D3-BF4B-00C04F79EFBC}") = "ConsoleHelloWorld", "Tools\ConsoleHelloWorld\ConsoleHelloWorld.csproj", "{E5A9BAF4-3CB9-46E1-98AA-767191BA0CEA}"
EndProject
Project("{8BC9CEB8-8B4A-11D0-8D11-00A0C91BC942}") = "DescribeOutput", "Tools\DescribeOutput\DescribeOutput.vcxproj", "{43ECDB60-2ECF-4FDD-8977-D7E6FF0816A6}"
EndProject
Project("{2150E333-8FDC-42A3-9474-1A3956D46DE8}") = "Tests", "Tests", "{77A3F0B0-18B6-4403-8E26-0709960C12AB}"
EndProject
Project("{8BC9CEB8-8B4A-11D0-8D11-00A0C91BC942}") = "ExecTest", "Tests\ExecTest\ExecTest.vcxproj", "{06BD3B69-B66B-4258-81CA-2C29638712BF}"
EndProject
Project("{2150E333-8FDC-42A3-9474-1A3956D46DE8}") = "Common", "Common", "{5D4FCC9C-6D6A-4ADD-95A9-B45A3C304857}"
	ProjectSection(SolutionItems) = preProject
		Common\ArgsUtil.h = Common\ArgsUtil.h
	EndProjectSection
EndProject
Project("{8BC9CEB8-8B4A-11D0-8D11-00A0C91BC942}") = "Exec", "Tools\Exec\Exec.vcxproj", "{98BD6CD4-2BBA-4026-A13E-AFA760436E4B}"
EndProject
Project("{8BC9CEB8-8B4A-11D0-8D11-00A0C91BC942}") = "ConsoleProxy", "ConsoleProxy\ConsoleProxy.vcxproj", "{DDDB245C-9C75-418C-9CF9-BC71999F887C}"
EndProject
Project("{8BC9CEB8-8B4A-11D0-8D11-00A0C91BC942}") = "ExecW", "Tools\ExecW\ExecW.vcxproj", "{B94A8237-F9C1-4E6D-A336-41DE775C28E3}"
EndProject
Global
	GlobalSection(SolutionConfigurationPlatforms) = preSolution
		Debug|Any CPU = Debug|Any CPU
		Debug|x64 = Debug|x64
		Debug|x86 = Debug|x86
		Release|Any CPU = Release|Any CPU
		Release|x64 = Release|x64
		Release|x86 = Release|x86
	EndGlobalSection
	GlobalSection(ProjectConfigurationPlatforms) = postSolution
		{EFCC55E3-CCB7-4E6B-856F-6E3A9DED6BC3}.Debug|Any CPU.ActiveCfg = Debug|Win32
		{EFCC55E3-CCB7-4E6B-856F-6E3A9DED6BC3}.Debug|Any CPU.Build.0 = Debug|Win32
		{EFCC55E3-CCB7-4E6B-856F-6E3A9DED6BC3}.Debug|x64.ActiveCfg = Debug|x64
		{EFCC55E3-CCB7-4E6B-856F-6E3A9DED6BC3}.Debug|x64.Build.0 = Debug|x64
		{EFCC55E3-CCB7-4E6B-856F-6E3A9DED6BC3}.Debug|x86.ActiveCfg = Debug|Win32
		{EFCC55E3-CCB7-4E6B-856F-6E3A9DED6BC3}.Debug|x86.Build.0 = Debug|Win32
		{EFCC55E3-CCB7-4E6B-856F-6E3A9DED6BC3}.Release|Any CPU.ActiveCfg = Release|Win32
		{EFCC55E3-CCB7-4E6B-856F-6E3A9DED6BC3}.Release|Any CPU.Build.0 = Release|Win32
		{EFCC55E3-CCB7-4E6B-856F-6E3A9DED6BC3}.Release|x64.ActiveCfg = Release|x64
		{EFCC55E3-CCB7-4E6B-856F-6E3A9DED6BC3}.Release|x64.Build.0 = Release|x64
		{EFCC55E3-CCB7-4E6B-856F-6E3A9DED6BC3}.Release|x86.ActiveCfg = Release|Win32
		{EFCC55E3-CCB7-4E6B-856F-6E3A9DED6BC3}.Release|x86.Build.0 = Release|Win32
		{E5A9BAF4-3CB9-46E1-98AA-767191BA0CEA}.Debug|Any CPU.ActiveCfg = Debug|Any CPU
		{E5A9BAF4-3CB9-46E1-98AA-767191BA0CEA}.Debug|Any CPU.Build.0 = Debug|Any CPU
		{E5A9BAF4-3CB9-46E1-98AA-767191BA0CEA}.Debug|x64.ActiveCfg = Debug|Any CPU
		{E5A9BAF4-3CB9-46E1-98AA-767191BA0CEA}.Debug|x64.Build.0 = Debug|Any CPU
		{E5A9BAF4-3CB9-46E1-98AA-767191BA0CEA}.Debug|x86.ActiveCfg = Debug|Any CPU
		{E5A9BAF4-3CB9-46E1-98AA-767191BA0CEA}.Debug|x86.Build.0 = Debug|Any CPU
		{E5A9BAF4-3CB9-46E1-98AA-767191BA0CEA}.Release|Any CPU.ActiveCfg = Release|Any CPU
		{E5A9BAF4-3CB9-46E1-98AA-767191BA0CEA}.Release|Any CPU.Build.0 = Release|Any CPU
		{E5A9BAF4-3CB9-46E1-98AA-767191BA0CEA}.Release|x64.ActiveCfg = Release|Any CPU
		{E5A9BAF4-3CB9-46E1-98AA-767191BA0CEA}.Release|x64.Build.0 = Release|Any CPU
		{E5A9BAF4-3CB9-46E1-98AA-767191BA0CEA}.Release|x86.ActiveCfg = Release|Any CPU
		{E5A9BAF4-3CB9-46E1-98AA-767191BA0CEA}.Release|x86.Build.0 = Release|Any CPU
		{43ECDB60-2ECF-4FDD-8977-D7E6FF0816A6}.Debug|Any CPU.ActiveCfg = Debug|Win32
		{43ECDB60-2ECF-4FDD-8977-D7E6FF0816A6}.Debug|Any CPU.Build.0 = Debug|Win32
		{43ECDB60-2ECF-4FDD-8977-D7E6FF0816A6}.Debug|x64.ActiveCfg = Debug|x64
		{43ECDB60-2ECF-4FDD-8977-D7E6FF0816A6}.Debug|x64.Build.0 = Debug|x64
		{43ECDB60-2ECF-4FDD-8977-D7E6FF0816A6}.Debug|x86.ActiveCfg = Debug|Win32
		{43ECDB60-2ECF-4FDD-8977-D7E6FF0816A6}.Debug|x86.Build.0 = Debug|Win32
		{43ECDB60-2ECF-4FDD-8977-D7E6FF0816A6}.Release|Any CPU.ActiveCfg = Release|Win32
		{43ECDB60-2ECF-4FDD-8977-D7E6FF0816A6}.Release|Any CPU.Build.0 = Release|Win32
		{43ECDB60-2ECF-4FDD-8977-D7E6FF0816A6}.Release|x64.ActiveCfg = Release|x64
		{43ECDB60-2ECF-4FDD-8977-D7E6FF0816A6}.Release|x64.Build.0 = Release|x64
		{43ECDB60-2ECF-4FDD-8977-D7E6FF0816A6}.Release|x86.ActiveCfg = Release|Win32
		{43ECDB60-2ECF-4FDD-8977-D7E6FF0816A6}.Release|x86.Build.0 = Release|Win32
		{06BD3B69-B66B-4258-81CA-2C29638712BF}.Debug|Any CPU.ActiveCfg = Debug|Win32
		{06BD3B69-B66B-4258-81CA-2C29638712BF}.Debug|Any CPU.Build.0 = Debug|Win32
		{06BD3B69-B66B-4258-81CA-2C29638712BF}.Debug|x64.ActiveCfg = Debug|x64
		{06BD3B69-B66B-4258-81CA-2C29638712BF}.Debug|x64.Build.0 = Debug|x64
		{06BD3B69-B66B-4258-81CA-2C29638712BF}.Debug|x86.ActiveCfg = Debug|Win32
		{06BD3B69-B66B-4258-81CA-2C29638712BF}.Debug|x86.Build.0 = Debug|Win32
		{06BD3B69-B66B-4258-81CA-2C29638712BF}.Release|Any CPU.ActiveCfg = Release|Win32
		{06BD3B69-B66B-4258-81CA-2C29638712BF}.Release|Any CPU.Build.0 = Release|Win32
		{06BD3B69-B66B-4258-81CA-2C29638712BF}.Release|x64.ActiveCfg = Release|x64
		{06BD3B69-B66B-4258-81CA-2C29638712BF}.Release|x64.Build.0 = Release|x64
		{06BD3B69-B66B-4258-81CA-2C29638712BF}.Release|x86.ActiveCfg = Release|Win32
		{06BD3B69-B66B-4258-81CA-2C29638712BF}.Release|x86.Build.0 = Release|Win32
		{98BD6CD4-2BBA-4026-A13E-AFA760436E4B}.Debug|Any CPU.ActiveCfg = Debug|Win32
		{98BD6CD4-2BBA-4026-A13E-AFA760436E4B}.Debug|Any CPU.Build.0 = Debug|Win32
		{98BD6CD4-2BBA-4026-A13E-AFA760436E4B}.Debug|x64.ActiveCfg = Debug|x64
		{98BD6CD4-2BBA-4026-A13E-AFA760436E4B}.Debug|x64.Build.0 = Debug|x64
		{98BD6CD4-2BBA-4026-A13E-AFA760436E4B}.Debug|x86.ActiveCfg = Debug|Win32
		{98BD6CD4-2BBA-4026-A13E-AFA760436E4B}.Debug|x86.Build.0 = Debug|Win32
		{98BD6CD4-2BBA-4026-A13E-AFA760436E4B}.Release|Any CPU.ActiveCfg = Release|Win32
		{98BD6CD4-2BBA-4026-A13E-AFA760436E4B}.Release|Any CPU.Build.0 = Release|Win32
		{98BD6CD4-2BBA-4026-A13E-AFA760436E4B}.Release|x64.ActiveCfg = Release|x64
		{98BD6CD4-2BBA-4026-A13E-AFA760436E4B}.Release|x64.Build.0 = Release|x64
		{98BD6CD4-2BBA-4026-A13E-AFA760436E4B}.Release|x86.ActiveCfg = Release|Win32
		{98BD6CD4-2BBA-4026-A13E-AFA760436E4B}.Release|x86.Build.0 = Release|Win32
		{DDDB245C-9C75-418C-9CF9-BC71999F887C}.Debug|Any CPU.ActiveCfg = Debug|Win32
		{DDDB245C-9C75-418C-9CF9-BC71999F887C}.Debug|Any CPU.Build.0 = Debug|Win32
		{DDDB245C-9C75-418C-9CF9-BC71999F887C}.Debug|x64.ActiveCfg = Debug|x64
		{DDDB245C-9C75-418C-9CF9-BC71999F887C}.Debug|x64.Build.0 = Debug|x64
		{DDDB245C-9C75-418C-9CF9-BC71999F887C}.Debug|x86.ActiveCfg = Debug|Win32
		{DDDB245C-9C75-418C-9CF9-BC71999F887C}.Debug|x86.Build.0 = Debug|Win32
		{DDDB245C-9C75-418C-9CF9-BC71999F887C}.Release|Any CPU.ActiveCfg = Release|Win32
		{DDDB245C-9C75-418C-9CF9-BC71999F887C}.Release|Any CPU.Build.0 = Release|Win32
		{DDDB245C-9C75-418C-9CF9-BC71999F887C}.Release|x64.ActiveCfg = Release|x64
		{DDDB245C-9C75-418C-9CF9-BC71999F887C}.Release|x64.Build.0 = Release|x64
		{DDDB245C-9C75-418C-9CF9-BC71999F887C}.Release|x86.ActiveCfg = Release|Win32
		{DDDB245C-9C75-418C-9CF9-BC71999F887C}.Release|x86.Build.0 = Release|Win32
		{B94A8237-F9C1-4E6D-A336-41DE775C28E3}.Debug|Any CPU.ActiveCfg = Debug|Win32
		{B94A8237-F9C1-4E6D-A336-41DE775C28E3}.Debug|Any CPU.Build.0 = Debug|Win32
		{B94A8237-F9C1-4E6D-A336-41DE775C28E3}.Debug|x64.ActiveCfg = Debug|x64
		{B94A8237-F9C1-4E6D-A336-41DE775C28E3}.Debug|x64.Build.0 = Debug|x64
		{B94A8237-F9C1-4E6D-A336-41DE775C28E3}.Debug|x86.ActiveCfg = Debug|Win32
		{B94A8237-F9C1-4E6D-A336-41DE775C28E3}.Debug|x86.Build.0 = Debug|Win32
		{B94A8237-F9C1-4E6D-A336-41DE775C28E3}.Release|Any CPU.ActiveCfg = Release|Win32
		{B94A8237-F9C1-4E6D-A336-41DE775C28E3}.Release|x64.ActiveCfg = Release|x64
		{B94A8237-F9C1-4E6D-A336-41DE775C28E3}.Release|x64.Build.0 = Release|x64
		{B94A8237-F9C1-4E6D-A336-41DE775C28E3}.Release|x86.ActiveCfg = Release|Win32
		{B94A8237-F9C1-4E6D-A336-41DE775C28E3}.Release|x86.Build.0 = Release|Win32
	EndGlobalSection
	GlobalSection(SolutionProperties) = preSolution
		HideSolutionNode = FALSE
	EndGlobalSection
	GlobalSection(NestedProjects) = preSolution
		{EFCC55E3-CCB7-4E6B-856F-6E3A9DED6BC3} = {339480F3-4560-4256-B58D-99A515700813}
		{E5A9BAF4-3CB9-46E1-98AA-767191BA0CEA} = {339480F3-4560-4256-B58D-99A515700813}
		{43ECDB60-2ECF-4FDD-8977-D7E6FF0816A6} = {339480F3-4560-4256-B58D-99A515700813}
		{06BD3B69-B66B-4258-81CA-2C29638712BF} = {77A3F0B0-18B6-4403-8E26-0709960C12AB}
		{98BD6CD4-2BBA-4026-A13E-AFA760436E4B} = {339480F3-4560-4256-B58D-99A515700813}
		{B94A8237-F9C1-4E6D-A336-41DE775C28E3} = {339480F3-4560-4256-B58D-99A515700813}
	EndGlobalSection
	GlobalSection(ExtensibilityGlobals) = postSolution
		SolutionGuid = {23070C3E-808C-42A4-8D59-FCE70CAFCF05}
	EndGlobalSection
EndGlobal
